
Microsoft Visual Studio Solution File, Format Version 12.00
# Visual Studio Version 17
VisualStudioVersion = 17.14.36327.8 d17.14
MinimumVisualStudioVersion = 10.0.40219.1
Project("{FAE04EC0-301F-11D3-BF4B-00C04F79EFBC}") = "POCSearchNLP", "POCSearchNLP\POCSearchNLP.csproj", "{4EA28D7D-C3DA-4D9C-9552-3DEE8B82D7EB}"
EndProject
Global
	GlobalSection(SolutionConfigurationPlatforms) = preSolution
		Debug|Any CPU = Debug|Any CPU
		Release|Any CPU = Release|Any CPU
	EndGlobalSection
	GlobalSection(ProjectConfigurationPlatforms) = postSolution
		{4EA28D7D-C3DA-4D9C-9552-3DEE8B82D7EB}.Debug|Any CPU.ActiveCfg = Debug|Any CPU
		{4EA28D7D-C3DA-4D9C-9552-3DEE8B82D7EB}.Debug|Any CPU.Build.0 = Debug|Any CPU
		{4EA28D7D-C3DA-4D9C-9552-3DEE8B82D7EB}.Release|Any CPU.ActiveCfg = Release|Any CPU
		{4EA28D7D-C3DA-4D9C-9552-3DEE8B82D7EB}.Release|Any CPU.Build.0 = Release|Any CPU
	EndGlobalSection
	GlobalSection(SolutionProperties) = preSolution
		HideSolutionNode = FALSE
	EndGlobalSection
	GlobalSection(ExtensibilityGlobals) = postSolution
		SolutionGuid = {2D6E8E1C-F52B-4922-87DF-4CAB6EF87766}
	EndGlobalSection
EndGlobal
